// !$*UTF8*$!
{
	archiveVersion = 1;
	classes = {
	};
	objectVersion = 55;
	objects = {

/* Begin PBXBuildFile section */
		680B2F89288BB5B300AD79C3 /* AppDelegate.m in Sources */ = {isa = PBXBuildFile; fileRef = 680B2F88288BB5B300AD79C3 /* AppDelegate.m */; };
		680B2F8F288BB5B300AD79C3 /* ViewController.m in Sources */ = {isa = PBXBuildFile; fileRef = 680B2F8E288BB5B300AD79C3 /* ViewController.m */; };
		680B2F92288BB5B300AD79C3 /* Main.storyboard in Resources */ = {isa = PBXBuildFile; fileRef = 680B2F90288BB5B300AD79C3 /* Main.storyboard */; };
		680B2F94288BB5B500AD79C3 /* Assets.xcassets in Resources */ = {isa = PBXBuildFile; fileRef = 680B2F93288BB5B500AD79C3 /* Assets.xcassets */; };
		680B2F97288BB5B500AD79C3 /* LaunchScreen.storyboard in Resources */ = {isa = PBXBuildFile; fileRef = 680B2F95288BB5B500AD79C3 /* LaunchScreen.storyboard */; };
		680B2F9A288BB5B500AD79C3 /* main.m in Sources */ = {isa = PBXBuildFile; fileRef = 680B2F99288BB5B500AD79C3 /* main.m */; };
		680B2FA2288BBBE700AD79C3 /* OpenGLOneViewController.m in Sources */ = {isa = PBXBuildFile; fileRef = 680B2FA1288BBBE700AD79C3 /* OpenGLOneViewController.m */; };
		680B2FA5288BBEF700AD79C3 /* OpenGLTwoViewController.m in Sources */ = {isa = PBXBuildFile; fileRef = 680B2FA4288BBEF700AD79C3 /* OpenGLTwoViewController.m */; };
		680B2FA8288BD45C00AD79C3 /* JLGLKView.m in Sources */ = {isa = PBXBuildFile; fileRef = 680B2FA7288BD45C00AD79C3 /* JLGLKView.m */; };
		680B2FAB288C008F00AD79C3 /* OpenGLMultitextureViewController.m in Sources */ = {isa = PBXBuildFile; fileRef = 680B2FAA288C008F00AD79C3 /* OpenGLMultitextureViewController.m */; };
		680B2FAD288C010500AD79C3 /* leaves.gif in Resources */ = {isa = PBXBuildFile; fileRef = 680B2FAC288C010500AD79C3 /* leaves.gif */; };
		680B2FB0288C2E2400AD79C3 /* OpenGLTextureDynamicViewController.m in Sources */ = {isa = PBXBuildFile; fileRef = 680B2FAF288C2E2400AD79C3 /* OpenGLTextureDynamicViewController.m */; };
/* End PBXBuildFile section */

/* Begin PBXFileReference section */
		680B2F84288BB5B300AD79C3 /* OpenGL_Route.app */ = {isa = PBXFileReference; explicitFileType = wrapper.application; includeInIndex = 0; path = OpenGL_Route.app; sourceTree = BUILT_PRODUCTS_DIR; };
		680B2F87288BB5B300AD79C3 /* AppDelegate.h */ = {isa = PBXFileReference; lastKnownFileType = sourcecode.c.h; path = AppDelegate.h; sourceTree = "<group>"; };
		680B2F88288BB5B300AD79C3 /* AppDelegate.m */ = {isa = PBXFileReference; lastKnownFileType = sourcecode.c.objc; path = AppDelegate.m; sourceTree = "<group>"; };
		680B2F8D288BB5B300AD79C3 /* ViewController.h */ = {isa = PBXFileReference; lastKnownFileType = sourcecode.c.h; path = ViewController.h; sourceTree = "<group>"; };
		680B2F8E288BB5B300AD79C3 /* ViewController.m */ = {isa = PBXFileReference; lastKnownFileType = sourcecode.c.objc; path = ViewController.m; sourceTree = "<group>"; };
		680B2F91288BB5B300AD79C3 /* Base */ = {isa = PBXFileReference; lastKnownFileType = file.storyboard; name = Base; path = Base.lproj/Main.storyboard; sourceTree = "<group>"; };
		680B2F93288BB5B500AD79C3 /* Assets.xcassets */ = {isa = PBXFileReference; lastKnownFileType = folder.assetcatalog; path = Assets.xcassets; sourceTree = "<group>"; };
		680B2F96288BB5B500AD79C3 /* Base */ = {isa = PBXFileReference; lastKnownFileType = file.storyboard; name = Base; path = Base.lproj/LaunchScreen.storyboard; sourceTree = "<group>"; };
		680B2F98288BB5B500AD79C3 /* Info.plist */ = {isa = PBXFileReference; lastKnownFileType = text.plist.xml; path = Info.plist; sourceTree = "<group>"; };
		680B2F99288BB5B500AD79C3 /* main.m */ = {isa = PBXFileReference; lastKnownFileType = sourcecode.c.objc; path = main.m; sourceTree = "<group>"; };
		680B2FA0288BBBE700AD79C3 /* OpenGLOneViewController.h */ = {isa = PBXFileReference; lastKnownFileType = sourcecode.c.h; path = OpenGLOneViewController.h; sourceTree = "<group>"; };
		680B2FA1288BBBE700AD79C3 /* OpenGLOneViewController.m */ = {isa = PBXFileReference; lastKnownFileType = sourcecode.c.objc; path = OpenGLOneViewController.m; sourceTree = "<group>"; };
		680B2FA3288BBEF700AD79C3 /* OpenGLTwoViewController.h */ = {isa = PBXFileReference; lastKnownFileType = sourcecode.c.h; path = OpenGLTwoViewController.h; sourceTree = "<group>"; };
		680B2FA4288BBEF700AD79C3 /* OpenGLTwoViewController.m */ = {isa = PBXFileReference; lastKnownFileType = sourcecode.c.objc; path = OpenGLTwoViewController.m; sourceTree = "<group>"; };
		680B2FA6288BD45C00AD79C3 /* JLGLKView.h */ = {isa = PBXFileReference; lastKnownFileType = sourcecode.c.h; path = JLGLKView.h; sourceTree = "<group>"; };
		680B2FA7288BD45C00AD79C3 /* JLGLKView.m */ = {isa = PBXFileReference; lastKnownFileType = sourcecode.c.objc; path = JLGLKView.m; sourceTree = "<group>"; };
		680B2FA9288C008F00AD79C3 /* OpenGLMultitextureViewController.h */ = {isa = PBXFileReference; lastKnownFileType = sourcecode.c.h; path = OpenGLMultitextureViewController.h; sourceTree = "<group>"; };
		680B2FAA288C008F00AD79C3 /* OpenGLMultitextureViewController.m */ = {isa = PBXFileReference; lastKnownFileType = sourcecode.c.objc; path = OpenGLMultitextureViewController.m; sourceTree = "<group>"; };
		680B2FAC288C010500AD79C3 /* leaves.gif */ = {isa = PBXFileReference; lastKnownFileType = image.gif; path = leaves.gif; sourceTree = "<group>"; };
		680B2FAE288C2E2400AD79C3 /* OpenGLTextureDynamicViewController.h */ = {isa = PBXFileReference; lastKnownFileType = sourcecode.c.h; path = OpenGLTextureDynamicViewController.h; sourceTree = "<group>"; };
		680B2FAF288C2E2400AD79C3 /* OpenGLTextureDynamicViewController.m */ = {isa = PBXFileReference; lastKnownFileType = sourcecode.c.objc; path = OpenGLTextureDynamicViewController.m; sourceTree = "<group>"; };
/* End PBXFileReference section */

/* Begin PBXFrameworksBuildPhase section */
		680B2F81288BB5B300AD79C3 /* Frameworks */ = {
			isa = PBXFrameworksBuildPhase;
			buildActionMask = 2147483647;
			files = (
			);
			runOnlyForDeploymentPostprocessing = 0;
		};
/* End PBXFrameworksBuildPhase section */

/* Begin PBXGroup section */
		680B2F7B288BB5B300AD79C3 = {
			isa = PBXGroup;
			children = (
				680B2F86288BB5B300AD79C3 /* OpenGL_Route */,
				680B2F85288BB5B300AD79C3 /* Products */,
			);
			sourceTree = "<group>";
		};
		680B2F85288BB5B300AD79C3 /* Products */ = {
			isa = PBXGroup;
			children = (
				680B2F84288BB5B300AD79C3 /* OpenGL_Route.app */,
			);
			name = Products;
			sourceTree = "<group>";
		};
		680B2F86288BB5B300AD79C3 /* OpenGL_Route */ = {
			isa = PBXGroup;
			children = (
				680B2F87288BB5B300AD79C3 /* AppDelegate.h */,
				680B2F88288BB5B300AD79C3 /* AppDelegate.m */,
				680B2F8D288BB5B300AD79C3 /* ViewController.h */,
				680B2F8E288BB5B300AD79C3 /* ViewController.m */,
				680B2FA6288BD45C00AD79C3 /* JLGLKView.h */,
				680B2FA7288BD45C00AD79C3 /* JLGLKView.m */,
				680B2FA0288BBBE700AD79C3 /* OpenGLOneViewController.h */,
				680B2FA1288BBBE700AD79C3 /* OpenGLOneViewController.m */,
				680B2FA3288BBEF700AD79C3 /* OpenGLTwoViewController.h */,
				680B2FA4288BBEF700AD79C3 /* OpenGLTwoViewController.m */,
				680B2FA9288C008F00AD79C3 /* OpenGLMultitextureViewController.h */,
				680B2FAA288C008F00AD79C3 /* OpenGLMultitextureViewController.m */,
				680B2FAE288C2E2400AD79C3 /* OpenGLTextureDynamicViewController.h */,
				680B2FAF288C2E2400AD79C3 /* OpenGLTextureDynamicViewController.m */,
				680B2F90288BB5B300AD79C3 /* Main.storyboard */,
				680B2F93288BB5B500AD79C3 /* Assets.xcassets */,
				680B2FAC288C010500AD79C3 /* leaves.gif */,
				680B2F95288BB5B500AD79C3 /* LaunchScreen.storyboard */,
				680B2F98288BB5B500AD79C3 /* Info.plist */,
				680B2F99288BB5B500AD79C3 /* main.m */,
			);
			path = OpenGL_Route;
			sourceTree = "<group>";
		};
/* End PBXGroup section */

/* Begin PBXNativeTarget section */
		680B2F83288BB5B300AD79C3 /* OpenGL_Route */ = {
			isa = PBXNativeTarget;
			buildConfigurationList = 680B2F9D288BB5B500AD79C3 /* Build configuration list for PBXNativeTarget "OpenGL_Route" */;
			buildPhases = (
				680B2F80288BB5B300AD79C3 /* Sources */,
				680B2F81288BB5B300AD79C3 /* Frameworks */,
				680B2F82288BB5B300AD79C3 /* Resources */,
			);
			buildRules = (
			);
			dependencies = (
			);
			name = OpenGL_Route;
			productName = OpenGL_Route;
			productReference = 680B2F84288BB5B300AD79C3 /* OpenGL_Route.app */;
			productType = "com.apple.product-type.application";
		};
/* End PBXNativeTarget section */

/* Begin PBXProject section */
		680B2F7C288BB5B300AD79C3 /* Project object */ = {
			isa = PBXProject;
			attributes = {
				BuildIndependentTargetsInParallel = 1;
				LastUpgradeCheck = 1330;
				TargetAttributes = {
					680B2F83288BB5B300AD79C3 = {
						CreatedOnToolsVersion = 13.3;
					};
				};
			};
			buildConfigurationList = 680B2F7F288BB5B300AD79C3 /* Build configuration list for PBXProject "OpenGL_Route" */;
			compatibilityVersion = "Xcode 13.0";
			developmentRegion = en;
			hasScannedForEncodings = 0;
			knownRegions = (
				en,
				Base,
			);
			mainGroup = 680B2F7B288BB5B300AD79C3;
			productRefGroup = 680B2F85288BB5B300AD79C3 /* Products */;
			projectDirPath = "";
			projectRoot = "";
			targets = (
				680B2F83288BB5B300AD79C3 /* OpenGL_Route */,
			);
		};
/* End PBXProject section */

/* Begin PBXResourcesBuildPhase section */
		680B2F82288BB5B300AD79C3 /* Resources */ = {
			isa = PBXResourcesBuildPhase;
			buildActionMask = 2147483647;
			files = (
				680B2F97288BB5B500AD79C3 /* LaunchScreen.storyboard in Resources */,
				680B2F94288BB5B500AD79C3 /* Assets.xcassets in Resources */,
				680B2FAD288C010500AD79C3 /* leaves.gif in Resources */,
				680B2F92288BB5B300AD79C3 /* Main.storyboard in Resources */,
			);
			runOnlyForDeploymentPostprocessing = 0;
		};
/* End PBXResourcesBuildPhase section */

/* Begin PBXSourcesBuildPhase section */
		680B2F80288BB5B300AD79C3 /* Sources */ = {
			isa = PBXSourcesBuildPhase;
			buildActionMask = 2147483647;
			files = (
				680B2FA5288BBEF700AD79C3 /* OpenGLTwoViewController.m in Sources */,
				680B2FB0288C2E2400AD79C3 /* OpenGLTextureDynamicViewController.m in Sources */,
				680B2FA8288BD45C00AD79C3 /* JLGLKView.m in Sources */,
				680B2F8F288BB5B300AD79C3 /* ViewController.m in Sources */,
				680B2FAB288C008F00AD79C3 /* OpenGLMultitextureViewController.m in Sources */,
				680B2F89288BB5B300AD79C3 /* AppDelegate.m in Sources */,
				680B2FA2288BBBE700AD79C3 /* OpenGLOneViewController.m in Sources */,
				680B2F9A288BB5B500AD79C3 /* main.m in Sources */,
			);
			runOnlyForDeploymentPostprocessing = 0;
		};
/* End PBXSourcesBuildPhase section */

/* Begin PBXVariantGroup section */
		680B2F90288BB5B300AD79C3 /* Main.storyboard */ = {
			isa = PBXVariantGroup;
			children = (
				680B2F91288BB5B300AD79C3 /* Base */,
			);
			name = Main.storyboard;
			sourceTree = "<group>";
		};
		680B2F95288BB5B500AD79C3 /* LaunchScreen.storyboard */ = {
			isa = PBXVariantGroup;
			children = (
				680B2F96288BB5B500AD79C3 /* Base */,
			);
			name = LaunchScreen.storyboard;
			sourceTree = "<group>";
		};
/* End PBXVariantGroup section */

/* Begin XCBuildConfiguration section */
		680B2F9B288BB5B500AD79C3 /* Debug */ = {
			isa = XCBuildConfiguration;
			buildSettings = {
				ALWAYS_SEARCH_USER_PATHS = NO;
				CLANG_ANALYZER_NONNULL = YES;
				CLANG_ANALYZER_NUMBER_OBJECT_CONVERSION = YES_AGGRESSIVE;
				CLANG_CXX_LANGUAGE_STANDARD = "gnu++17";
				CLANG_ENABLE_MODULES = YES;
				CLANG_ENABLE_OBJC_ARC = YES;
				CLANG_ENABLE_OBJC_WEAK = YES;
				CLANG_WARN_BLOCK_CAPTURE_AUTORELEASING = YES;
				CLANG_WARN_BOOL_CONVERSION = YES;
				CLANG_WARN_COMMA = YES;
				CLANG_WARN_CONSTANT_CONVERSION = YES;
				CLANG_WARN_DEPRECATED_OBJC_IMPLEMENTATIONS = YES;
				CLANG_WARN_DIRECT_OBJC_ISA_USAGE = YES_ERROR;
				CLANG_WARN_DOCUMENTATION_COMMENTS = YES;
				CLANG_WARN_EMPTY_BODY = YES;
				CLANG_WARN_ENUM_CONVERSION = YES;
				CLANG_WARN_INFINITE_RECURSION = YES;
				CLANG_WARN_INT_CONVERSION = YES;
				CLANG_WARN_NON_LITERAL_NULL_CONVERSION = YES;
				CLANG_WARN_OBJC_IMPLICIT_RETAIN_SELF = YES;
				CLANG_WARN_OBJC_LITERAL_CONVERSION = YES;
				CLANG_WARN_OBJC_ROOT_CLASS = YES_ERROR;
				CLANG_WARN_QUOTED_INCLUDE_IN_FRAMEWORK_HEADER = YES;
				CLANG_WARN_RANGE_LOOP_ANALYSIS = YES;
				CLANG_WARN_STRICT_PROTOTYPES = YES;
				CLANG_WARN_SUSPICIOUS_MOVE = YES;
				CLANG_WARN_UNGUARDED_AVAILABILITY = YES_AGGRESSIVE;
				CLANG_WARN_UNREACHABLE_CODE = YES;
				CLANG_WARN__DUPLICATE_METHOD_MATCH = YES;
				COPY_PHASE_STRIP = NO;
				DEBUG_INFORMATION_FORMAT = dwarf;
				ENABLE_STRICT_OBJC_MSGSEND = YES;
				ENABLE_TESTABILITY = YES;
				GCC_C_LANGUAGE_STANDARD = gnu11;
				GCC_DYNAMIC_NO_PIC = NO;
				GCC_NO_COMMON_BLOCKS = YES;
				GCC_OPTIMIZATION_LEVEL = 0;
				GCC_PREPROCESSOR_DEFINITIONS = (
					"DEBUG=1",
					"$(inherited)",
				);
				GCC_WARN_64_TO_32_BIT_CONVERSION = YES;
				GCC_WARN_ABOUT_RETURN_TYPE = YES_ERROR;
				GCC_WARN_UNDECLARED_SELECTOR = YES;
				GCC_WARN_UNINITIALIZED_AUTOS = YES_AGGRESSIVE;
				GCC_WARN_UNUSED_FUNCTION = YES;
				GCC_WARN_UNUSED_VARIABLE = YES;
				IPHONEOS_DEPLOYMENT_TARGET = 10.0;
				MTL_ENABLE_DEBUG_INFO = INCLUDE_SOURCE;
				MTL_FAST_MATH = YES;
				ONLY_ACTIVE_ARCH = YES;
				SDKROOT = iphoneos;
			};
			name = Debug;
		};
		680B2F9C288BB5B500AD79C3 /* Release */ = {
			isa = XCBuildConfiguration;
			buildSettings = {
				ALWAYS_SEARCH_USER_PATHS = NO;
				CLANG_ANALYZER_NONNULL = YES;
				CLANG_ANALYZER_NUMBER_OBJECT_CONVERSION = YES_AGGRESSIVE;
				CLANG_CXX_LANGUAGE_STANDARD = "gnu++17";
				CLANG_ENABLE_MODULES = YES;
				CLANG_ENABLE_OBJC_ARC = YES;
				CLANG_ENABLE_OBJC_WEAK = YES;
				CLANG_WARN_BLOCK_CAPTURE_AUTORELEASING = YES;
				CLANG_WARN_BOOL_CONVERSION = YES;
				CLANG_WARN_COMMA = YES;
				CLANG_WARN_CONSTANT_CONVERSION = YES;
				CLANG_WARN_DEPRECATED_OBJC_IMPLEMENTATIONS = YES;
				CLANG_WARN_DIRECT_OBJC_ISA_USAGE = YES_ERROR;
				CLANG_WARN_DOCUMENTATION_COMMENTS = YES;
				CLANG_WARN_EMPTY_BODY = YES;
				CLANG_WARN_ENUM_CONVERSION = YES;
				CLANG_WARN_INFINITE_RECURSION = YES;
				CLANG_WARN_INT_CONVERSION = YES;
				CLANG_WARN_NON_LITERAL_NULL_CONVERSION = YES;
				CLANG_WARN_OBJC_IMPLICIT_RETAIN_SELF = YES;
				CLANG_WARN_OBJC_LITERAL_CONVERSION = YES;
				CLANG_WARN_OBJC_ROOT_CLASS = YES_ERROR;
				CLANG_WARN_QUOTED_INCLUDE_IN_FRAMEWORK_HEADER = YES;
				CLANG_WARN_RANGE_LOOP_ANALYSIS = YES;
				CLANG_WARN_STRICT_PROTOTYPES = YES;
				CLANG_WARN_SUSPICIOUS_MOVE = YES;
				CLANG_WARN_UNGUARDED_AVAILABILITY = YES_AGGRESSIVE;
				CLANG_WARN_UNREACHABLE_CODE = YES;
				CLANG_WARN__DUPLICATE_METHOD_MATCH = YES;
				COPY_PHASE_STRIP = NO;
				DEBUG_INFORMATION_FORMAT = "dwarf-with-dsym";
				ENABLE_NS_ASSERTIONS = NO;
				ENABLE_STRICT_OBJC_MSGSEND = YES;
				GCC_C_LANGUAGE_STANDARD = gnu11;
				GCC_NO_COMMON_BLOCKS = YES;
				GCC_WARN_64_TO_32_BIT_CONVERSION = YES;
				GCC_WARN_ABOUT_RETURN_TYPE = YES_ERROR;
				GCC_WARN_UNDECLARED_SELECTOR = YES;
				GCC_WARN_UNINITIALIZED_AUTOS = YES_AGGRESSIVE;
				GCC_WARN_UNUSED_FUNCTION = YES;
				GCC_WARN_UNUSED_VARIABLE = YES;
				IPHONEOS_DEPLOYMENT_TARGET = 10.0;
				MTL_ENABLE_DEBUG_INFO = NO;
				MTL_FAST_MATH = YES;
				SDKROOT = iphoneos;
				VALIDATE_PRODUCT = YES;
			};
			name = Release;
		};
		680B2F9E288BB5B500AD79C3 /* Debug */ = {
			isa = XCBuildConfiguration;
			buildSettings = {
				ASSETCATALOG_COMPILER_APPICON_NAME = AppIcon;
				ASSETCATALOG_COMPILER_GLOBAL_ACCENT_COLOR_NAME = AccentColor;
				CODE_SIGN_STYLE = Automatic;
				CURRENT_PROJECT_VERSION = 1;
				DEVELOPMENT_TEAM = A8CZ6CU7E5;
				GENERATE_INFOPLIST_FILE = YES;
				INFOPLIST_FILE = OpenGL_Route/Info.plist;
				INFOPLIST_KEY_UIApplicationSupportsIndirectInputEvents = YES;
				INFOPLIST_KEY_UILaunchStoryboardName = LaunchScreen;
				INFOPLIST_KEY_UIMainStoryboardFile = Main;
				INFOPLIST_KEY_UISupportedInterfaceOrientations_iPad = "UIInterfaceOrientationPortrait UIInterfaceOrientationPortraitUpsideDown UIInterfaceOrientationLandscapeLeft UIInterfaceOrientationLandscapeRight";
				INFOPLIST_KEY_UISupportedInterfaceOrientations_iPhone = "UIInterfaceOrientationPortrait UIInterfaceOrientationLandscapeLeft UIInterfaceOrientationLandscapeRight";
				LD_RUNPATH_SEARCH_PATHS = (
					"$(inherited)",
					"@executable_path/Frameworks",
				);
				MARKETING_VERSION = 1.0;
				PRODUCT_BUNDLE_IDENTIFIER = "com.JL.OpenGL-Route";
				PRODUCT_NAME = "$(TARGET_NAME)";
				SWIFT_EMIT_LOC_STRINGS = YES;
				TARGETED_DEVICE_FAMILY = "1,2";
			};
			name = Debug;
		};
		680B2F9F288BB5B500AD79C3 /* Release */ = {
			isa = XCBuildConfiguration;
			buildSettings = {
				ASSETCATALOG_COMPILER_APPICON_NAME = AppIcon;
				ASSETCATALOG_COMPILER_GLOBAL_ACCENT_COLOR_NAME = AccentColor;
				CODE_SIGN_STYLE = Automatic;
				CURRENT_PROJECT_VERSION = 1;
				DEVELOPMENT_TEAM = A8CZ6CU7E5;
				GENERATE_INFOPLIST_FILE = YES;
				INFOPLIST_FILE = OpenGL_Route/Info.plist;
				INFOPLIST_KEY_UIApplicationSupportsIndirectInputEvents = YES;
				INFOPLIST_KEY_UILaunchStoryboardName = LaunchScreen;
				INFOPLIST_KEY_UIMainStoryboardFile = Main;
				INFOPLIST_KEY_UISupportedInterfaceOrientations_iPad = "UIInterfaceOrientationPortrait UIInterfaceOrientationPortraitUpsideDown UIInterfaceOrientationLandscapeLeft UIInterfaceOrientationLandscapeRight";
				INFOPLIST_KEY_UISupportedInterfaceOrientations_iPhone = "UIInterfaceOrientationPortrait UIInterfaceOrientationLandscapeLeft UIInterfaceOrientationLandscapeRight";
				LD_RUNPATH_SEARCH_PATHS = (
					"$(inherited)",
					"@executable_path/Frameworks",
				);
				MARKETING_VERSION = 1.0;
				PRODUCT_BUNDLE_IDENTIFIER = "com.JL.OpenGL-Route";
				PRODUCT_NAME = "$(TARGET_NAME)";
				SWIFT_EMIT_LOC_STRINGS = YES;
				TARGETED_DEVICE_FAMILY = "1,2";
			};
			name = Release;
		};
/* End XCBuildConfiguration section */

/* Begin XCConfigurationList section */
		680B2F7F288BB5B300AD79C3 /* Build configuration list for PBXProject "OpenGL_Route" */ = {
			isa = XCConfigurationList;
			buildConfigurations = (
				680B2F9B288BB5B500AD79C3 /* Debug */,
				680B2F9C288BB5B500AD79C3 /* Release */,
			);
			defaultConfigurationIsVisible = 0;
			defaultConfigurationName = Release;
		};
		680B2F9D288BB5B500AD79C3 /* Build configuration list for PBXNativeTarget "OpenGL_Route" */ = {
			isa = XCConfigurationList;
			buildConfigurations = (
				680B2F9E288BB5B500AD79C3 /* Debug */,
				680B2F9F288BB5B500AD79C3 /* Release */,
			);
			defaultConfigurationIsVisible = 0;
			defaultConfigurationName = Release;
		};
/* End XCConfigurationList section */
	};
	rootObject = 680B2F7C288BB5B300AD79C3 /* Project object */;
}
